{
  "meteor": {},
  "dependencies": {
    "basePackages": {
      "observatory": {},
      "bootstrap-3": {},
      "iron-router": {},
      "font-awesome": {},
      "npm": {}
    },
    "packages": {
      "observatory": {
        "git": "https://github.com/jhoxray/observatory.git",
        "tag": "v0.3.21",
        "commit": "3d6b436af0a70b784d0f9ec4709907c77bd4fd63"
      },
      "bootstrap-3": {
        "git": "https://github.com/mangasocial/meteor-bootstrap-3.git",
        "tag": "v0.3.5",
        "commit": "47996f67f3987c9f82117394effcbe1586a4fe29"
      },
      "iron-router": {
        "git": "https://github.com/EventedMind/iron-router.git",
        "tag": "v0.6.1",
        "commit": "4e1ee0581d68bff422a915dacb0bd30eae10fe08"
      },
      "font-awesome": {
        "git": "https://github.com/nate-strauser/meteor-font-awesome.git",
        "tag": "v3.2.1",
        "commit": "38bdfff72dfb8857b272f9a9b056045d6a015489"
      },
      "npm": {
        "git": "https://github.com/arunoda/meteor-npm.git",
        "tag": "v0.2.2",
        "commit": "ad83acff83385d5ea05997c8bbc2d7493ba4c04e"
      },
      "observatory-apollo": {
        "git": "https://github.com/superstringsoftware/observatory-apollo.git",
        "tag": "v0.3.2",
        "commit": "f704848187a4da2bd179864ae80a1f73a3fd22a6"
      },
      "observatory-galileo": {
        "git": "https://github.com/superstringsoftware/observatory-galileo.git",
        "branch": "master",
        "commit": "f21b80e6502d38a7ce66206374b706f2cbd0228d"
      }
    }
  }
}
